// !$*UTF8*$!
{
	archiveVersion = 1;
	classes = {
	};
	objectVersion = 46;
	objects = {

/* Begin PBXBuildFile section */
		BC956A921DB4E0CE0007A0E9 /* AppDelegate.swift in Sources */ = {isa = PBXBuildFile; fileRef = BC956A911DB4E0CE0007A0E9 /* AppDelegate.swift */; };
		BC956A941DB4E0CE0007A0E9 /* ViewController.swift in Sources */ = {isa = PBXBuildFile; fileRef = BC956A931DB4E0CE0007A0E9 /* ViewController.swift */; };
		BC956A971DB4E0CE0007A0E9 /* Main.storyboard in Resources */ = {isa = PBXBuildFile; fileRef = BC956A951DB4E0CE0007A0E9 /* Main.storyboard */; };
		BC956A991DB4E0CE0007A0E9 /* Assets.xcassets in Resources */ = {isa = PBXBuildFile; fileRef = BC956A981DB4E0CE0007A0E9 /* Assets.xcassets */; };
		BC956A9C1DB4E0CE0007A0E9 /* LaunchScreen.storyboard in Resources */ = {isa = PBXBuildFile; fileRef = BC956A9A1DB4E0CE0007A0E9 /* LaunchScreen.storyboard */; };
		BC999C881DB8F1B5007DCB0E /* LoveViewController.swift in Sources */ = {isa = PBXBuildFile; fileRef = BC999C871DB8F1B5007DCB0E /* LoveViewController.swift */; };
/* End PBXBuildFile section */

/* Begin PBXFileReference section */
		BC956A8E1DB4E0CE0007A0E9 /* Peter_L3.app */ = {isa = PBXFileReference; explicitFileType = wrapper.application; includeInIndex = 0; path = Peter_L3.app; sourceTree = BUILT_PRODUCTS_DIR; };
		BC956A911DB4E0CE0007A0E9 /* AppDelegate.swift */ = {isa = PBXFileReference; lastKnownFileType = sourcecode.swift; path = AppDelegate.swift; sourceTree = "<group>"; };
		BC956A931DB4E0CE0007A0E9 /* ViewController.swift */ = {isa = PBXFileReference; lastKnownFileType = sourcecode.swift; path = ViewController.swift; sourceTree = "<group>"; };
		BC956A961DB4E0CE0007A0E9 /* Base */ = {isa = PBXFileReference; lastKnownFileType = file.storyboard; name = Base; path = Base.lproj/Main.storyboard; sourceTree = "<group>"; };
		BC956A981DB4E0CE0007A0E9 /* Assets.xcassets */ = {isa = PBXFileReference; lastKnownFileType = folder.assetcatalog; path = Assets.xcassets; sourceTree = "<group>"; };
		BC956A9B1DB4E0CE0007A0E9 /* Base */ = {isa = PBXFileReference; lastKnownFileType = file.storyboard; name = Base; path = Base.lproj/LaunchScreen.storyboard; sourceTree = "<group>"; };
		BC956A9D1DB4E0CE0007A0E9 /* Info.plist */ = {isa = PBXFileReference; lastKnownFileType = text.plist.xml; path = Info.plist; sourceTree = "<group>"; };
		BC999C871DB8F1B5007DCB0E /* LoveViewController.swift */ = {isa = PBXFileReference; fileEncoding = 4; lastKnownFileType = sourcecode.swift; path = LoveViewController.swift; sourceTree = "<group>"; };
/* End PBXFileReference section */

/* Begin PBXFrameworksBuildPhase section */
		BC956A8B1DB4E0CE0007A0E9 /* Frameworks */ = {
			isa = PBXFrameworksBuildPhase;
			buildActionMask = 2147483647;
			files = (
			);
			runOnlyForDeploymentPostprocessing = 0;
		};
/* End PBXFrameworksBuildPhase section */

/* Begin PBXGroup section */
		BC956A851DB4E0CE0007A0E9 = {
			isa = PBXGroup;
			children = (
				BC956A901DB4E0CE0007A0E9 /* Peter_L3 */,
				BC956A8F1DB4E0CE0007A0E9 /* Products */,
			);
			sourceTree = "<group>";
		};
		BC956A8F1DB4E0CE0007A0E9 /* Products */ = {
			isa = PBXGroup;
			children = (
				BC956A8E1DB4E0CE0007A0E9 /* Peter_L3.app */,
			);
			name = Products;
			sourceTree = "<group>";
		};
		BC956A901DB4E0CE0007A0E9 /* Peter_L3 */ = {
			isa = PBXGroup;
			children = (
				BC956A911DB4E0CE0007A0E9 /* AppDelegate.swift */,
				BC956A931DB4E0CE0007A0E9 /* ViewController.swift */,
				BC956A951DB4E0CE0007A0E9 /* Main.storyboard */,
				BC999C871DB8F1B5007DCB0E /* LoveViewController.swift */,
				BC956A981DB4E0CE0007A0E9 /* Assets.xcassets */,
				BC956A9A1DB4E0CE0007A0E9 /* LaunchScreen.storyboard */,
				BC956A9D1DB4E0CE0007A0E9 /* Info.plist */,
			);
			path = Peter_L3;
			sourceTree = "<group>";
		};
/* End PBXGroup section */

/* Begin PBXNativeTarget section */
		BC956A8D1DB4E0CE0007A0E9 /* Peter_L3 */ = {
			isa = PBXNativeTarget;
			buildConfigurationList = BC956AA01DB4E0CE0007A0E9 /* Build configuration list for PBXNativeTarget "Peter_L3" */;
			buildPhases = (
				BC956A8A1DB4E0CE0007A0E9 /* Sources */,
				BC956A8B1DB4E0CE0007A0E9 /* Frameworks */,
				BC956A8C1DB4E0CE0007A0E9 /* Resources */,
			);
			buildRules = (
			);
			dependencies = (
			);
			name = Peter_L3;
			productName = Peter_L3;
			productReference = BC956A8E1DB4E0CE0007A0E9 /* Peter_L3.app */;
			productType = "com.apple.product-type.application";
		};
/* End PBXNativeTarget section */

/* Begin PBXProject section */
		BC956A861DB4E0CE0007A0E9 /* Project object */ = {
			isa = PBXProject;
			attributes = {
				LastSwiftUpdateCheck = 0800;
				LastUpgradeCheck = 0800;
				ORGANIZATIONNAME = "zero plus";
				TargetAttributes = {
					BC956A8D1DB4E0CE0007A0E9 = {
						CreatedOnToolsVersion = 8.0;
						ProvisioningStyle = Automatic;
					};
				};
			};
			buildConfigurationList = BC956A891DB4E0CE0007A0E9 /* Build configuration list for PBXProject "Peter_L3" */;
			compatibilityVersion = "Xcode 3.2";
			developmentRegion = English;
			hasScannedForEncodings = 0;
			knownRegions = (
				en,
				Base,
			);
			mainGroup = BC956A851DB4E0CE0007A0E9;
			productRefGroup = BC956A8F1DB4E0CE0007A0E9 /* Products */;
			projectDirPath = "";
			projectRoot = "";
			targets = (
				BC956A8D1DB4E0CE0007A0E9 /* Peter_L3 */,
			);
		};
/* End PBXProject section */

/* Begin PBXResourcesBuildPhase section */
		BC956A8C1DB4E0CE0007A0E9 /* Resources */ = {
			isa = PBXResourcesBuildPhase;
			buildActionMask = 2147483647;
			files = (
				BC956A9C1DB4E0CE0007A0E9 /* LaunchScreen.storyboard in Resources */,
				BC956A991DB4E0CE0007A0E9 /* Assets.xcassets in Resources */,
				BC956A971DB4E0CE0007A0E9 /* Main.storyboard in Resources */,
			);
			runOnlyForDeploymentPostprocessing = 0;
		};
/* End PBXResourcesBuildPhase section */

/* Begin PBXSourcesBuildPhase section */
		BC956A8A1DB4E0CE0007A0E9 /* Sources */ = {
			isa = PBXSourcesBuildPhase;
			buildActionMask = 2147483647;
			files = (
				BC956A941DB4E0CE0007A0E9 /* ViewController.swift in Sources */,
				BC956A921DB4E0CE0007A0E9 /* AppDelegate.swift in Sources */,
				BC999C881DB8F1B5007DCB0E /* LoveViewController.swift in Sources */,
			);
			runOnlyForDeploymentPostprocessing = 0;
		};
/* End PBXSourcesBuildPhase section */

/* Begin PBXVariantGroup section */
		BC956A951DB4E0CE0007A0E9 /* Main.storyboard */ = {
			isa = PBXVariantGroup;
			children = (
				BC956A961DB4E0CE0007A0E9 /* Base */,
			);
			name = Main.storyboard;
			sourceTree = "<group>";
		};
		BC956A9A1DB4E0CE0007A0E9 /* LaunchScreen.storyboard */ = {
			isa = PBXVariantGroup;
			children = (
				BC956A9B1DB4E0CE0007A0E9 /* Base */,
			);
			name = LaunchScreen.storyboard;
			sourceTree = "<group>";
		};
/* End PBXVariantGroup section */

/* Begin XCBuildConfiguration section */
		BC956A9E1DB4E0CE0007A0E9 /* Debug */ = {
			isa = XCBuildConfiguration;
			buildSettings = {
				ALWAYS_SEARCH_USER_PATHS = NO;
				CLANG_ANALYZER_NONNULL = YES;
				CLANG_CXX_LANGUAGE_STANDARD = "gnu++0x";
				CLANG_CXX_LIBRARY = "libc++";
				CLANG_ENABLE_MODULES = YES;
				CLANG_ENABLE_OBJC_ARC = YES;
				CLANG_WARN_BOOL_CONVERSION = YES;
				CLANG_WARN_CONSTANT_CONVERSION = YES;
				CLANG_WARN_DIRECT_OBJC_ISA_USAGE = YES_ERROR;
				CLANG_WARN_DOCUMENTATION_COMMENTS = YES;
				CLANG_WARN_EMPTY_BODY = YES;
				CLANG_WARN_ENUM_CONVERSION = YES;
				CLANG_WARN_INFINITE_RECURSION = YES;
				CLANG_WARN_INT_CONVERSION = YES;
				CLANG_WARN_OBJC_ROOT_CLASS = YES_ERROR;
				CLANG_WARN_SUSPICIOUS_MOVES = YES;
				CLANG_WARN_UNREACHABLE_CODE = YES;
				CLANG_WARN__DUPLICATE_METHOD_MATCH = YES;
				"CODE_SIGN_IDENTITY[sdk=iphoneos*]" = "iPhone Developer";
				COPY_PHASE_STRIP = NO;
				DEBUG_INFORMATION_FORMAT = dwarf;
				ENABLE_STRICT_OBJC_MSGSEND = YES;
				ENABLE_TESTABILITY = YES;
				GCC_C_LANGUAGE_STANDARD = gnu99;
				GCC_DYNAMIC_NO_PIC = NO;
				GCC_NO_COMMON_BLOCKS = YES;
				GCC_OPTIMIZATION_LEVEL = 0;
				GCC_PREPROCESSOR_DEFINITIONS = (
					"DEBUG=1",
					"$(inherited)",
				);
				GCC_WARN_64_TO_32_BIT_CONVERSION = YES;
				GCC_WARN_ABOUT_RETURN_TYPE = YES_ERROR;
				GCC_WARN_UNDECLARED_SELECTOR = YES;
				GCC_WARN_UNINITIALIZED_AUTOS = YES_AGGRESSIVE;
				GCC_WARN_UNUSED_FUNCTION = YES;
				GCC_WARN_UNUSED_VARIABLE = YES;
				IPHONEOS_DEPLOYMENT_TARGET = 10.0;
				MTL_ENABLE_DEBUG_INFO = YES;
				ONLY_ACTIVE_ARCH = YES;
				SDKROOT = iphoneos;
				SWIFT_ACTIVE_COMPILATION_CONDITIONS = DEBUG;
				SWIFT_OPTIMIZATION_LEVEL = "-Onone";
			};
			name = Debug;
		};
		BC956A9F1DB4E0CE0007A0E9 /* Release */ = {
			isa = XCBuildConfiguration;
			buildSettings = {
				ALWAYS_SEARCH_USER_PATHS = NO;
				CLANG_ANALYZER_NONNULL = YES;
				CLANG_CXX_LANGUAGE_STANDARD = "gnu++0x";
				CLANG_CXX_LIBRARY = "libc++";
				CLANG_ENABLE_MODULES = YES;
				CLANG_ENABLE_OBJC_ARC = YES;
				CLANG_WARN_BOOL_CONVERSION = YES;
				CLANG_WARN_CONSTANT_CONVERSION = YES;
				CLANG_WARN_DIRECT_OBJC_ISA_USAGE = YES_ERROR;
				CLANG_WARN_DOCUMENTATION_COMMENTS = YES;
				CLANG_WARN_EMPTY_BODY = YES;
				CLANG_WARN_ENUM_CONVERSION = YES;
				CLANG_WARN_INFINITE_RECURSION = YES;
				CLANG_WARN_INT_CONVERSION = YES;
				CLANG_WARN_OBJC_ROOT_CLASS = YES_ERROR;
				CLANG_WARN_SUSPICIOUS_MOVES = YES;
				CLANG_WARN_UNREACHABLE_CODE = YES;
				CLANG_WARN__DUPLICATE_METHOD_MATCH = YES;
				"CODE_SIGN_IDENTITY[sdk=iphoneos*]" = "iPhone Developer";
				COPY_PHASE_STRIP = NO;
				DEBUG_INFORMATION_FORMAT = "dwarf-with-dsym";
				ENABLE_NS_ASSERTIONS = NO;
				ENABLE_STRICT_OBJC_MSGSEND = YES;
				GCC_C_LANGUAGE_STANDARD = gnu99;
				GCC_NO_COMMON_BLOCKS = YES;
				GCC_WARN_64_TO_32_BIT_CONVERSION = YES;
				GCC_WARN_ABOUT_RETURN_TYPE = YES_ERROR;
				GCC_WARN_UNDECLARED_SELECTOR = YES;
				GCC_WARN_UNINITIALIZED_AUTOS = YES_AGGRESSIVE;
				GCC_WARN_UNUSED_FUNCTION = YES;
				GCC_WARN_UNUSED_VARIABLE = YES;
				IPHONEOS_DEPLOYMENT_TARGET = 10.0;
				MTL_ENABLE_DEBUG_INFO = NO;
				SDKROOT = iphoneos;
				SWIFT_OPTIMIZATION_LEVEL = "-Owholemodule";
				VALIDATE_PRODUCT = YES;
			};
			name = Release;
		};
		BC956AA11DB4E0CE0007A0E9 /* Debug */ = {
			isa = XCBuildConfiguration;
			buildSettings = {
				ASSETCATALOG_COMPILER_APPICON_NAME = AppIcon;
				INFOPLIST_FILE = Peter_L3/Info.plist;
				LD_RUNPATH_SEARCH_PATHS = "$(inherited) @executable_path/Frameworks";
				PRODUCT_BUNDLE_IDENTIFIER = "com.wow.Peter-L3";
				PRODUCT_NAME = "$(TARGET_NAME)";
				SWIFT_VERSION = 3.0;
			};
			name = Debug;
		};
		BC956AA21DB4E0CE0007A0E9 /* Release */ = {
			isa = XCBuildConfiguration;
			buildSettings = {
				ASSETCATALOG_COMPILER_APPICON_NAME = AppIcon;
				INFOPLIST_FILE = Peter_L3/Info.plist;
				LD_RUNPATH_SEARCH_PATHS = "$(inherited) @executable_path/Frameworks";
				PRODUCT_BUNDLE_IDENTIFIER = "com.wow.Peter-L3";
				PRODUCT_NAME = "$(TARGET_NAME)";
				SWIFT_VERSION = 3.0;
			};
			name = Release;
		};
/* End XCBuildConfiguration section */

/* Begin XCConfigurationList section */
		BC956A891DB4E0CE0007A0E9 /* Build configuration list for PBXProject "Peter_L3" */ = {
			isa = XCConfigurationList;
			buildConfigurations = (
				BC956A9E1DB4E0CE0007A0E9 /* Debug */,
				BC956A9F1DB4E0CE0007A0E9 /* Release */,
			);
			defaultConfigurationIsVisible = 0;
			defaultConfigurationName = Release;
		};
		BC956AA01DB4E0CE0007A0E9 /* Build configuration list for PBXNativeTarget "Peter_L3" */ = {
			isa = XCConfigurationList;
			buildConfigurations = (
				BC956AA11DB4E0CE0007A0E9 /* Debug */,
				BC956AA21DB4E0CE0007A0E9 /* Release */,
			);
			defaultConfigurationIsVisible = 0;
			defaultConfigurationName = Release;
		};
/* End XCConfigurationList section */
	};
	rootObject = BC956A861DB4E0CE0007A0E9 /* Project object */;
}
